<?xml version="1.0" encoding="utf-8"?>
<Project ToolsVersion="4.0" xmlns="http://schemas.microsoft.com/developer/msbuild/2003">
  <ItemGroup>
    <Filter Include="Source Files">
      <UniqueIdentifier>{4FC737F1-C7A5-4376-A066-2A32D752A2FF}</UniqueIdentifier>
      <Extensions>cpp;c;cc;cxx;def;odl;idl;hpj;bat;asm;asmx</Extensions>
    </Filter>
    <Filter Include="Header Files">
      <UniqueIdentifier>{93995380-89BD-4b04-88EB-625FBE52EBFB}</UniqueIdentifier>
      <Extensions>h;hh;hpp;hxx;hm;inl;inc;ipp;xsd</Extensions>
    </Filter>
    <Filter Include="Resource Files">
      <UniqueIdentifier>{67DA6AB6-F800-4c08-8B7A-83BB121AAD01}</UniqueIdentifier>
      <Extensions>rc;ico;cur;bmp;dlg;rc2;rct;bin;rgs;gif;jpg;jpeg;jpe;resx;tiff;tif;png;wav;mfcribbon-ms</Extensions>
    </Filter>
  </ItemGroup>
  <ItemGroup>
    <ClCompile Include="VQMCMolecule.cpp">
      <Filter>Source Files</Filter>
    </ClCompile>
    <ClCompile Include="Random.cpp">
      <Filter>Source Files</Filter>
    </ClCompile>
    <ClCompile Include="Atom.cpp">
      <Filter>Source Files</Filter>
    </ClCompile>
    <ClCompile Include="Basis.cpp">
      <Filter>Source Files</Filter>
    </ClCompile>
    <ClCompile Include="ChemUtils.cpp">
      <Filter>Source Files</Filter>
    </ClCompile>
    <ClCompile Include="ContractedGaussianOrbital.cpp">
      <Filter>Source Files</Filter>
    </ClCompile>
    <ClCompile Include="GaussianOrbital.cpp">
      <Filter>Source Files</Filter>
    </ClCompile>
    <ClCompile Include="Molecule.cpp">
      <Filter>Source Files</Filter>
    </ClCompile>
    <ClCompile Include="Orbital.cpp">
      <Filter>Source Files</Filter>
    </ClCompile>
    <ClCompile Include="QuantumNumbers.cpp">
      <Filter>Source Files</Filter>
    </ClCompile>
    <ClCompile Include="PrimitiveShell.cpp">
      <Filter>Source Files</Filter>
    </ClCompile>
    <ClCompile Include="MathUtils.cpp">
      <Filter>Source Files</Filter>
    </ClCompile>
    <ClCompile Include="VQMC.cpp">
      <Filter>Source Files</Filter>
    </ClCompile>
    <ClCompile Include="Wavefunction.cpp">
      <Filter>Source Files</Filter>
    </ClCompile>
    <ClCompile Include="VQMCMoleculeApp.cpp">
      <Filter>Source Files</Filter>
    </ClCompile>
    <ClCompile Include="Options.cpp">
      <Filter>Source Files</Filter>
    </ClCompile>
    <ClCompile Include="VQMCMoleculeFrame.cpp">
      <Filter>Source Files</Filter>
    </ClCompile>
    <ClCompile Include="OptionsFrame.cpp">
      <Filter>Source Files</Filter>
    </ClCompile>
    <ClCompile Include="VQMCOrbital.cpp">
      <Filter>Source Files</Filter>
    </ClCompile>
    <ClCompile Include="GaussianOverlap.cpp">
      <Filter>Source Files</Filter>
    </ClCompile>
  </ItemGroup>
  <ItemGroup>
    <ClInclude Include="Vector3D.h">
      <Filter>Header Files</Filter>
    </ClInclude>
    <ClInclude Include="Random.h">
      <Filter>Header Files</Filter>
    </ClInclude>
    <ClInclude Include="Atom.h">
      <Filter>Header Files</Filter>
    </ClInclude>
    <ClInclude Include="Basis.h">
      <Filter>Header Files</Filter>
    </ClInclude>
    <ClInclude Include="ChemUtils.h">
      <Filter>Header Files</Filter>
    </ClInclude>
    <ClInclude Include="ContractedGaussianOrbital.h">
      <Filter>Header Files</Filter>
    </ClInclude>
    <ClInclude Include="GaussianOrbital.h">
      <Filter>Header Files</Filter>
    </ClInclude>
    <ClInclude Include="Molecule.h">
      <Filter>Header Files</Filter>
    </ClInclude>
    <ClInclude Include="Orbital.h">
      <Filter>Header Files</Filter>
    </ClInclude>
    <ClInclude Include="QuantumNumbers.h">
      <Filter>Header Files</Filter>
    </ClInclude>
    <ClInclude Include="PrimitiveShell.h">
      <Filter>Header Files</Filter>
    </ClInclude>
    <ClInclude Include="MathUtils.h">
      <Filter>Header Files</Filter>
    </ClInclude>
    <ClInclude Include="VQMC.h">
      <Filter>Header Files</Filter>
    </ClInclude>
    <ClInclude Include="Wavefunction.h">
      <Filter>Header Files</Filter>
    </ClInclude>
    <ClInclude Include="VQMCMoleculeApp.h">
      <Filter>Header Files</Filter>
    </ClInclude>
    <ClInclude Include="Options.h">
      <Filter>Header Files</Filter>
    </ClInclude>
    <ClInclude Include="VQMCMoleculeFrame.h">
      <Filter>Header Files</Filter>
    </ClInclude>
    <ClInclude Include="VQMCMolecule.h">
      <Filter>Header Files</Filter>
    </ClInclude>
    <ClInclude Include="OptionsFrame.h">
      <Filter>Header Files</Filter>
    </ClInclude>
    <ClInclude Include="VQMCOrbital.h">
      <Filter>Header Files</Filter>
    </ClInclude>
    <ClInclude Include="GaussianIntegral.h">
      <Filter>Header Files</Filter>
    </ClInclude>
    <ClInclude Include="GaussianOverlap.h">
      <Filter>Header Files</Filter>
    </ClInclude>
  </ItemGroup>
  <ItemGroup>
    <None Include="Vector3D.inl">
      <Filter>Header Files</Filter>
    </None>
  </ItemGroup>
</Project>